
Microsoft Visual Studio Solution File, Format Version 12.00
Project("{FAE04EC0-301F-11D3-BF4B-00C04F79EFBC}") = "Uzd1", "Uzd1\Uzd1.csproj", "{255F2448-3CB1-4684-8198-8796F210794F}"
EndProject
Project("{FAE04EC0-301F-11D3-BF4B-00C04F79EFBC}") = "Uzd2", "Uzd2\Uzd2.csproj", "{4CD63B9B-E417-4A36-92CF-B1CD7608B503}"
EndProject
Project("{FAE04EC0-301F-11D3-BF4B-00C04F79EFBC}") = "Uzd3", "Uzd3\Uzd3.csproj", "{8E24235C-F5BC-45E6-9F44-8ACF3C8BE541}"
EndProject
Project("{FAE04EC0-301F-11D3-BF4B-00C04F79EFBC}") = "Uzd4", "Uzd4\Uzd4.csproj", "{F0A47944-72B9-42A8-BCB2-D965371CB5EC}"
EndProject
Project("{FAE04EC0-301F-11D3-BF4B-00C04F79EFBC}") = "Uzd5", "Uzd5\Uzd5.csproj", "{4E1DBE8F-FAD2-49D4-BEBF-3C758FADBE8F}"
EndProject
Project("{FAE04EC0-301F-11D3-BF4B-00C04F79EFBC}") = "Uzd6", "Uzd6\Uzd6.csproj", "{891C2448-F392-4B35-B155-85C4C137E26F}"
EndProject
Project("{FAE04EC0-301F-11D3-BF4B-00C04F79EFBC}") = "Uzd7", "Uzd7\Uzd7.csproj", "{AD088DAC-8E21-49BF-A40A-D65ED29D8FCD}"
EndProject
Project("{FAE04EC0-301F-11D3-BF4B-00C04F79EFBC}") = "Uzd8", "Uzd8\Uzd8.csproj", "{BB30986A-8A33-4E70-8358-46DD69C879CA}"
EndProject
Project("{FAE04EC0-301F-11D3-BF4B-00C04F79EFBC}") = "Uzd9", "Uzd9\Uzd9.csproj", "{75E96A47-5BB4-4D7F-93BA-B064A0114753}"
EndProject
Project("{FAE04EC0-301F-11D3-BF4B-00C04F79EFBC}") = "Uzd10_a", "Uzd10_a\Uzd10_a.csproj", "{8A950368-1472-43BB-8BAA-3CC420434740}"
EndProject
Project("{FAE04EC0-301F-11D3-BF4B-00C04F79EFBC}") = "Uzd10_b", "Uzd10_b\Uzd10_b.csproj", "{2A9F6F53-BEBE-48C9-A6FD-E0A4D05664DC}"
EndProject
Project("{FAE04EC0-301F-11D3-BF4B-00C04F79EFBC}") = "Uzd11", "Uzd11\Uzd11.csproj", "{68B760DC-A393-4F54-87C6-C796E79B1CEB}"
EndProject
Project("{FAE04EC0-301F-11D3-BF4B-00C04F79EFBC}") = "Uzd12", "Uzd12\Uzd12.csproj", "{AC09DB56-C94B-4568-B1C5-EED58707FF29}"
EndProject
Project("{FAE04EC0-301F-11D3-BF4B-00C04F79EFBC}") = "Uzd13_a", "Uzd13_a\Uzd13_a.csproj", "{84FF323F-9598-4C77-873F-3430B0D798E8}"
EndProject
Project("{FAE04EC0-301F-11D3-BF4B-00C04F79EFBC}") = "Uzd13_b", "Uzd13_b\Uzd13_b.csproj", "{DB3E0365-A368-4075-9293-347FFB7C033D}"
EndProject
Project("{FAE04EC0-301F-11D3-BF4B-00C04F79EFBC}") = "Uzd14", "Uzd14\Uzd14.csproj", "{5BCAFA49-C623-4C00-8DFA-5971A8E22E16}"
EndProject
Project("{FAE04EC0-301F-11D3-BF4B-00C04F79EFBC}") = "Uzd15", "Uzd15\Uzd15.csproj", "{77A83DB9-11B2-490D-BD60-A08396F35D05}"
EndProject
Global
	GlobalSection(SolutionConfigurationPlatforms) = preSolution
		Debug|Any CPU = Debug|Any CPU
		Release|Any CPU = Release|Any CPU
	EndGlobalSection
	GlobalSection(ProjectConfigurationPlatforms) = postSolution
		{255F2448-3CB1-4684-8198-8796F210794F}.Debug|Any CPU.ActiveCfg = Debug|Any CPU
		{255F2448-3CB1-4684-8198-8796F210794F}.Debug|Any CPU.Build.0 = Debug|Any CPU
		{255F2448-3CB1-4684-8198-8796F210794F}.Release|Any CPU.ActiveCfg = Release|Any CPU
		{255F2448-3CB1-4684-8198-8796F210794F}.Release|Any CPU.Build.0 = Release|Any CPU
		{4CD63B9B-E417-4A36-92CF-B1CD7608B503}.Debug|Any CPU.ActiveCfg = Debug|Any CPU
		{4CD63B9B-E417-4A36-92CF-B1CD7608B503}.Debug|Any CPU.Build.0 = Debug|Any CPU
		{4CD63B9B-E417-4A36-92CF-B1CD7608B503}.Release|Any CPU.ActiveCfg = Release|Any CPU
		{4CD63B9B-E417-4A36-92CF-B1CD7608B503}.Release|Any CPU.Build.0 = Release|Any CPU
		{8E24235C-F5BC-45E6-9F44-8ACF3C8BE541}.Debug|Any CPU.ActiveCfg = Debug|Any CPU
		{8E24235C-F5BC-45E6-9F44-8ACF3C8BE541}.Debug|Any CPU.Build.0 = Debug|Any CPU
		{8E24235C-F5BC-45E6-9F44-8ACF3C8BE541}.Release|Any CPU.ActiveCfg = Release|Any CPU
		{8E24235C-F5BC-45E6-9F44-8ACF3C8BE541}.Release|Any CPU.Build.0 = Release|Any CPU
		{F0A47944-72B9-42A8-BCB2-D965371CB5EC}.Debug|Any CPU.ActiveCfg = Debug|Any CPU
		{F0A47944-72B9-42A8-BCB2-D965371CB5EC}.Debug|Any CPU.Build.0 = Debug|Any CPU
		{F0A47944-72B9-42A8-BCB2-D965371CB5EC}.Release|Any CPU.ActiveCfg = Release|Any CPU
		{F0A47944-72B9-42A8-BCB2-D965371CB5EC}.Release|Any CPU.Build.0 = Release|Any CPU
		{4E1DBE8F-FAD2-49D4-BEBF-3C758FADBE8F}.Debug|Any CPU.ActiveCfg = Debug|Any CPU
		{4E1DBE8F-FAD2-49D4-BEBF-3C758FADBE8F}.Debug|Any CPU.Build.0 = Debug|Any CPU
		{4E1DBE8F-FAD2-49D4-BEBF-3C758FADBE8F}.Release|Any CPU.ActiveCfg = Release|Any CPU
		{4E1DBE8F-FAD2-49D4-BEBF-3C758FADBE8F}.Release|Any CPU.Build.0 = Release|Any CPU
		{891C2448-F392-4B35-B155-85C4C137E26F}.Debug|Any CPU.ActiveCfg = Debug|Any CPU
		{891C2448-F392-4B35-B155-85C4C137E26F}.Debug|Any CPU.Build.0 = Debug|Any CPU
		{891C2448-F392-4B35-B155-85C4C137E26F}.Release|Any CPU.ActiveCfg = Release|Any CPU
		{891C2448-F392-4B35-B155-85C4C137E26F}.Release|Any CPU.Build.0 = Release|Any CPU
		{AD088DAC-8E21-49BF-A40A-D65ED29D8FCD}.Debug|Any CPU.ActiveCfg = Debug|Any CPU
		{AD088DAC-8E21-49BF-A40A-D65ED29D8FCD}.Debug|Any CPU.Build.0 = Debug|Any CPU
		{AD088DAC-8E21-49BF-A40A-D65ED29D8FCD}.Release|Any CPU.ActiveCfg = Release|Any CPU
		{AD088DAC-8E21-49BF-A40A-D65ED29D8FCD}.Release|Any CPU.Build.0 = Release|Any CPU
		{BB30986A-8A33-4E70-8358-46DD69C879CA}.Debug|Any CPU.ActiveCfg = Debug|Any CPU
		{BB30986A-8A33-4E70-8358-46DD69C879CA}.Debug|Any CPU.Build.0 = Debug|Any CPU
		{BB30986A-8A33-4E70-8358-46DD69C879CA}.Release|Any CPU.ActiveCfg = Release|Any CPU
		{BB30986A-8A33-4E70-8358-46DD69C879CA}.Release|Any CPU.Build.0 = Release|Any CPU
		{75E96A47-5BB4-4D7F-93BA-B064A0114753}.Debug|Any CPU.ActiveCfg = Debug|Any CPU
		{75E96A47-5BB4-4D7F-93BA-B064A0114753}.Debug|Any CPU.Build.0 = Debug|Any CPU
		{75E96A47-5BB4-4D7F-93BA-B064A0114753}.Release|Any CPU.ActiveCfg = Release|Any CPU
		{75E96A47-5BB4-4D7F-93BA-B064A0114753}.Release|Any CPU.Build.0 = Release|Any CPU
		{8A950368-1472-43BB-8BAA-3CC420434740}.Debug|Any CPU.ActiveCfg = Debug|Any CPU
		{8A950368-1472-43BB-8BAA-3CC420434740}.Debug|Any CPU.Build.0 = Debug|Any CPU
		{8A950368-1472-43BB-8BAA-3CC420434740}.Release|Any CPU.ActiveCfg = Release|Any CPU
		{8A950368-1472-43BB-8BAA-3CC420434740}.Release|Any CPU.Build.0 = Release|Any CPU
		{2A9F6F53-BEBE-48C9-A6FD-E0A4D05664DC}.Debug|Any CPU.ActiveCfg = Debug|Any CPU
		{2A9F6F53-BEBE-48C9-A6FD-E0A4D05664DC}.Debug|Any CPU.Build.0 = Debug|Any CPU
		{2A9F6F53-BEBE-48C9-A6FD-E0A4D05664DC}.Release|Any CPU.ActiveCfg = Release|Any CPU
		{2A9F6F53-BEBE-48C9-A6FD-E0A4D05664DC}.Release|Any CPU.Build.0 = Release|Any CPU
		{68B760DC-A393-4F54-87C6-C796E79B1CEB}.Debug|Any CPU.ActiveCfg = Debug|Any CPU
		{68B760DC-A393-4F54-87C6-C796E79B1CEB}.Debug|Any CPU.Build.0 = Debug|Any CPU
		{68B760DC-A393-4F54-87C6-C796E79B1CEB}.Release|Any CPU.ActiveCfg = Release|Any CPU
		{68B760DC-A393-4F54-87C6-C796E79B1CEB}.Release|Any CPU.Build.0 = Release|Any CPU
		{AC09DB56-C94B-4568-B1C5-EED58707FF29}.Debug|Any CPU.ActiveCfg = Debug|Any CPU
		{AC09DB56-C94B-4568-B1C5-EED58707FF29}.Debug|Any CPU.Build.0 = Debug|Any CPU
		{AC09DB56-C94B-4568-B1C5-EED58707FF29}.Release|Any CPU.ActiveCfg = Release|Any CPU
		{AC09DB56-C94B-4568-B1C5-EED58707FF29}.Release|Any CPU.Build.0 = Release|Any CPU
		{84FF323F-9598-4C77-873F-3430B0D798E8}.Debug|Any CPU.ActiveCfg = Debug|Any CPU
		{84FF323F-9598-4C77-873F-3430B0D798E8}.Debug|Any CPU.Build.0 = Debug|Any CPU
		{84FF323F-9598-4C77-873F-3430B0D798E8}.Release|Any CPU.ActiveCfg = Release|Any CPU
		{84FF323F-9598-4C77-873F-3430B0D798E8}.Release|Any CPU.Build.0 = Release|Any CPU
		{DB3E0365-A368-4075-9293-347FFB7C033D}.Debug|Any CPU.ActiveCfg = Debug|Any CPU
		{DB3E0365-A368-4075-9293-347FFB7C033D}.Debug|Any CPU.Build.0 = Debug|Any CPU
		{DB3E0365-A368-4075-9293-347FFB7C033D}.Release|Any CPU.ActiveCfg = Release|Any CPU
		{DB3E0365-A368-4075-9293-347FFB7C033D}.Release|Any CPU.Build.0 = Release|Any CPU
		{5BCAFA49-C623-4C00-8DFA-5971A8E22E16}.Debug|Any CPU.ActiveCfg = Debug|Any CPU
		{5BCAFA49-C623-4C00-8DFA-5971A8E22E16}.Debug|Any CPU.Build.0 = Debug|Any CPU
		{5BCAFA49-C623-4C00-8DFA-5971A8E22E16}.Release|Any CPU.ActiveCfg = Release|Any CPU
		{5BCAFA49-C623-4C00-8DFA-5971A8E22E16}.Release|Any CPU.Build.0 = Release|Any CPU
		{77A83DB9-11B2-490D-BD60-A08396F35D05}.Debug|Any CPU.ActiveCfg = Debug|Any CPU
		{77A83DB9-11B2-490D-BD60-A08396F35D05}.Debug|Any CPU.Build.0 = Debug|Any CPU
		{77A83DB9-11B2-490D-BD60-A08396F35D05}.Release|Any CPU.ActiveCfg = Release|Any CPU
		{77A83DB9-11B2-490D-BD60-A08396F35D05}.Release|Any CPU.Build.0 = Release|Any CPU
	EndGlobalSection
EndGlobal
